
Microsoft Visual Studio Solution File, Format Version 12.00
# Visual Studio Version 17
VisualStudioVersion = 17.1.32414.318
MinimumVisualStudioVersion = 10.0.40219.1
Project("{FAE04EC0-301F-11D3-BF4B-00C04F79EFBC}") = "Common", "Common.csproj", "{7D7132C3-A73A-48C3-843B-DEA65BB8511D}"
EndProject
Global
	GlobalSection(SolutionConfigurationPlatforms) = preSolution
		Debug|Any CPU = Debug|Any CPU
		Release|Any CPU = Release|Any CPU
	EndGlobalSection
	GlobalSection(ProjectConfigurationPlatforms) = postSolution
		{7D7132C3-A73A-48C3-843B-DEA65BB8511D}.Debug|Any CPU.ActiveCfg = Debug|Any CPU
		{7D7132C3-A73A-48C3-843B-DEA65BB8511D}.Debug|Any CPU.Build.0 = Debug|Any CPU
		{7D7132C3-A73A-48C3-843B-DEA65BB8511D}.Release|Any CPU.ActiveCfg = Release|Any CPU
		{7D7132C3-A73A-48C3-843B-DEA65BB8511D}.Release|Any CPU.Build.0 = Release|Any CPU
	EndGlobalSection
	GlobalSection(SolutionProperties) = preSolution
		HideSolutionNode = FALSE
	EndGlobalSection
	GlobalSection(ExtensibilityGlobals) = postSolution
		SolutionGuid = {112F202F-8CF2-410D-9005-FE282408BF66}
	EndGlobalSection
EndGlobal
